
Microsoft Visual Studio Solution File, Format Version 12.00
# Visual Studio Version 17
VisualStudioVersion = 17.6.33801.468
MinimumVisualStudioVersion = 10.0.40219.1
Project("{FAE04EC0-301F-11D3-BF4B-00C04F79EFBC}") = "Contact360", "Contact360\Contact360.csproj", "{845F328D-C0B8-4A02-A21F-5F35625C8378}"
EndProject
Global
	GlobalSection(SolutionConfigurationPlatforms) = preSolution
		Debug|Any CPU = Debug|Any CPU
		Release|Any CPU = Release|Any CPU
	EndGlobalSection
	GlobalSection(ProjectConfigurationPlatforms) = postSolution
		{845F328D-C0B8-4A02-A21F-5F35625C8378}.Debug|Any CPU.ActiveCfg = Debug|Any CPU
		{845F328D-C0B8-4A02-A21F-5F35625C8378}.Debug|Any CPU.Build.0 = Debug|Any CPU
		{845F328D-C0B8-4A02-A21F-5F35625C8378}.Release|Any CPU.ActiveCfg = Release|Any CPU
		{845F328D-C0B8-4A02-A21F-5F35625C8378}.Release|Any CPU.Build.0 = Release|Any CPU
	EndGlobalSection
	GlobalSection(SolutionProperties) = preSolution
		HideSolutionNode = FALSE
	EndGlobalSection
	GlobalSection(ExtensibilityGlobals) = postSolution
		SolutionGuid = {24D2FD1C-ED78-47E9-B03D-EC25FBA6062C}
	EndGlobalSection
EndGlobal
